// !$*UTF8*$!
{
	archiveVersion = 1;
	classes = {
	};
	objectVersion = 50;
	objects = {

/* Begin PBXBuildFile section */
		FECBBD862167360D00AA52A4 /* AppDelegate.swift in Sources */ = {isa = PBXBuildFile; fileRef = FECBBD852167360D00AA52A4 /* AppDelegate.swift */; };
		FECBBD882167360D00AA52A4 /* ViewController.swift in Sources */ = {isa = PBXBuildFile; fileRef = FECBBD872167360D00AA52A4 /* ViewController.swift */; };
		FECBBD8B2167360D00AA52A4 /* Main.storyboard in Resources */ = {isa = PBXBuildFile; fileRef = FECBBD892167360D00AA52A4 /* Main.storyboard */; };
		FECBBD8D2167361500AA52A4 /* Assets.xcassets in Resources */ = {isa = PBXBuildFile; fileRef = FECBBD8C2167361500AA52A4 /* Assets.xcassets */; };
		FECBBD902167361500AA52A4 /* LaunchScreen.storyboard in Resources */ = {isa = PBXBuildFile; fileRef = FECBBD8E2167361500AA52A4 /* LaunchScreen.storyboard */; };
		FECBBD9B2167361500AA52A4 /* calculator_2_0Tests.swift in Sources */ = {isa = PBXBuildFile; fileRef = FECBBD9A2167361500AA52A4 /* calculator_2_0Tests.swift */; };
		FECBBDA62167361500AA52A4 /* calculator_2_0UITests.swift in Sources */ = {isa = PBXBuildFile; fileRef = FECBBDA52167361500AA52A4 /* calculator_2_0UITests.swift */; };
/* End PBXBuildFile section */

/* Begin PBXContainerItemProxy section */
		FECBBD972167361500AA52A4 /* PBXContainerItemProxy */ = {
			isa = PBXContainerItemProxy;
			containerPortal = FECBBD7A2167360D00AA52A4 /* Project object */;
			proxyType = 1;
			remoteGlobalIDString = FECBBD812167360D00AA52A4;
			remoteInfo = "calculator 2.0";
		};
		FECBBDA22167361500AA52A4 /* PBXContainerItemProxy */ = {
			isa = PBXContainerItemProxy;
			containerPortal = FECBBD7A2167360D00AA52A4 /* Project object */;
			proxyType = 1;
			remoteGlobalIDString = FECBBD812167360D00AA52A4;
			remoteInfo = "calculator 2.0";
		};
/* End PBXContainerItemProxy section */

/* Begin PBXFileReference section */
		FECBBD822167360D00AA52A4 /* calculator 2.0.app */ = {isa = PBXFileReference; explicitFileType = wrapper.application; includeInIndex = 0; path = "calculator 2.0.app"; sourceTree = BUILT_PRODUCTS_DIR; };
		FECBBD852167360D00AA52A4 /* AppDelegate.swift */ = {isa = PBXFileReference; lastKnownFileType = sourcecode.swift; path = AppDelegate.swift; sourceTree = "<group>"; };
		FECBBD872167360D00AA52A4 /* ViewController.swift */ = {isa = PBXFileReference; lastKnownFileType = sourcecode.swift; path = ViewController.swift; sourceTree = "<group>"; };
		FECBBD8A2167360D00AA52A4 /* Base */ = {isa = PBXFileReference; lastKnownFileType = file.storyboard; name = Base; path = Base.lproj/Main.storyboard; sourceTree = "<group>"; };
		FECBBD8C2167361500AA52A4 /* Assets.xcassets */ = {isa = PBXFileReference; lastKnownFileType = folder.assetcatalog; path = Assets.xcassets; sourceTree = "<group>"; };
		FECBBD8F2167361500AA52A4 /* Base */ = {isa = PBXFileReference; lastKnownFileType = file.storyboard; name = Base; path = Base.lproj/LaunchScreen.storyboard; sourceTree = "<group>"; };
		FECBBD912167361500AA52A4 /* Info.plist */ = {isa = PBXFileReference; lastKnownFileType = text.plist.xml; path = Info.plist; sourceTree = "<group>"; };
		FECBBD962167361500AA52A4 /* calculator 2.0Tests.xctest */ = {isa = PBXFileReference; explicitFileType = wrapper.cfbundle; includeInIndex = 0; path = "calculator 2.0Tests.xctest"; sourceTree = BUILT_PRODUCTS_DIR; };
		FECBBD9A2167361500AA52A4 /* calculator_2_0Tests.swift */ = {isa = PBXFileReference; lastKnownFileType = sourcecode.swift; path = calculator_2_0Tests.swift; sourceTree = "<group>"; };
		FECBBD9C2167361500AA52A4 /* Info.plist */ = {isa = PBXFileReference; lastKnownFileType = text.plist.xml; path = Info.plist; sourceTree = "<group>"; };
		FECBBDA12167361500AA52A4 /* calculator 2.0UITests.xctest */ = {isa = PBXFileReference; explicitFileType = wrapper.cfbundle; includeInIndex = 0; path = "calculator 2.0UITests.xctest"; sourceTree = BUILT_PRODUCTS_DIR; };
		FECBBDA52167361500AA52A4 /* calculator_2_0UITests.swift */ = {isa = PBXFileReference; lastKnownFileType = sourcecode.swift; path = calculator_2_0UITests.swift; sourceTree = "<group>"; };
		FECBBDA72167361500AA52A4 /* Info.plist */ = {isa = PBXFileReference; lastKnownFileType = text.plist.xml; path = Info.plist; sourceTree = "<group>"; };
/* End PBXFileReference section */

/* Begin PBXFrameworksBuildPhase section */
		FECBBD7F2167360D00AA52A4 /* Frameworks */ = {
			isa = PBXFrameworksBuildPhase;
			buildActionMask = 2147483647;
			files = (
			);
			runOnlyForDeploymentPostprocessing = 0;
		};
		FECBBD932167361500AA52A4 /* Frameworks */ = {
			isa = PBXFrameworksBuildPhase;
			buildActionMask = 2147483647;
			files = (
			);
			runOnlyForDeploymentPostprocessing = 0;
		};
		FECBBD9E2167361500AA52A4 /* Frameworks */ = {
			isa = PBXFrameworksBuildPhase;
			buildActionMask = 2147483647;
			files = (
			);
			runOnlyForDeploymentPostprocessing = 0;
		};
/* End PBXFrameworksBuildPhase section */

/* Begin PBXGroup section */
		FECBBD792167360D00AA52A4 = {
			isa = PBXGroup;
			children = (
				FECBBD842167360D00AA52A4 /* calculator 2.0 */,
				FECBBD992167361500AA52A4 /* calculator 2.0Tests */,
				FECBBDA42167361500AA52A4 /* calculator 2.0UITests */,
				FECBBD832167360D00AA52A4 /* Products */,
			);
			sourceTree = "<group>";
		};
		FECBBD832167360D00AA52A4 /* Products */ = {
			isa = PBXGroup;
			children = (
				FECBBD822167360D00AA52A4 /* calculator 2.0.app */,
				FECBBD962167361500AA52A4 /* calculator 2.0Tests.xctest */,
				FECBBDA12167361500AA52A4 /* calculator 2.0UITests.xctest */,
			);
			name = Products;
			sourceTree = "<group>";
		};
		FECBBD842167360D00AA52A4 /* calculator 2.0 */ = {
			isa = PBXGroup;
			children = (
				FECBBD852167360D00AA52A4 /* AppDelegate.swift */,
				FECBBD872167360D00AA52A4 /* ViewController.swift */,
				FECBBD892167360D00AA52A4 /* Main.storyboard */,
				FECBBD8C2167361500AA52A4 /* Assets.xcassets */,
				FECBBD8E2167361500AA52A4 /* LaunchScreen.storyboard */,
				FECBBD912167361500AA52A4 /* Info.plist */,
			);
			path = "calculator 2.0";
			sourceTree = "<group>";
		};
		FECBBD992167361500AA52A4 /* calculator 2.0Tests */ = {
			isa = PBXGroup;
			children = (
				FECBBD9A2167361500AA52A4 /* calculator_2_0Tests.swift */,
				FECBBD9C2167361500AA52A4 /* Info.plist */,
			);
			path = "calculator 2.0Tests";
			sourceTree = "<group>";
		};
		FECBBDA42167361500AA52A4 /* calculator 2.0UITests */ = {
			isa = PBXGroup;
			children = (
				FECBBDA52167361500AA52A4 /* calculator_2_0UITests.swift */,
				FECBBDA72167361500AA52A4 /* Info.plist */,
			);
			path = "calculator 2.0UITests";
			sourceTree = "<group>";
		};
/* End PBXGroup section */

/* Begin PBXNativeTarget section */
		FECBBD812167360D00AA52A4 /* calculator 2.0 */ = {
			isa = PBXNativeTarget;
			buildConfigurationList = FECBBDAA2167361500AA52A4 /* Build configuration list for PBXNativeTarget "calculator 2.0" */;
			buildPhases = (
				FECBBD7E2167360D00AA52A4 /* Sources */,
				FECBBD7F2167360D00AA52A4 /* Frameworks */,
				FECBBD802167360D00AA52A4 /* Resources */,
			);
			buildRules = (
			);
			dependencies = (
			);
			name = "calculator 2.0";
			productName = "calculator 2.0";
			productReference = FECBBD822167360D00AA52A4 /* calculator 2.0.app */;
			productType = "com.apple.product-type.application";
		};
		FECBBD952167361500AA52A4 /* calculator 2.0Tests */ = {
			isa = PBXNativeTarget;
			buildConfigurationList = FECBBDAD2167361500AA52A4 /* Build configuration list for PBXNativeTarget "calculator 2.0Tests" */;
			buildPhases = (
				FECBBD922167361500AA52A4 /* Sources */,
				FECBBD932167361500AA52A4 /* Frameworks */,
				FECBBD942167361500AA52A4 /* Resources */,
			);
			buildRules = (
			);
			dependencies = (
				FECBBD982167361500AA52A4 /* PBXTargetDependency */,
			);
			name = "calculator 2.0Tests";
			productName = "calculator 2.0Tests";
			productReference = FECBBD962167361500AA52A4 /* calculator 2.0Tests.xctest */;
			productType = "com.apple.product-type.bundle.unit-test";
		};
		FECBBDA02167361500AA52A4 /* calculator 2.0UITests */ = {
			isa = PBXNativeTarget;
			buildConfigurationList = FECBBDB02167361500AA52A4 /* Build configuration list for PBXNativeTarget "calculator 2.0UITests" */;
			buildPhases = (
				FECBBD9D2167361500AA52A4 /* Sources */,
				FECBBD9E2167361500AA52A4 /* Frameworks */,
				FECBBD9F2167361500AA52A4 /* Resources */,
			);
			buildRules = (
			);
			dependencies = (
				FECBBDA32167361500AA52A4 /* PBXTargetDependency */,
			);
			name = "calculator 2.0UITests";
			productName = "calculator 2.0UITests";
			productReference = FECBBDA12167361500AA52A4 /* calculator 2.0UITests.xctest */;
			productType = "com.apple.product-type.bundle.ui-testing";
		};
/* End PBXNativeTarget section */

/* Begin PBXProject section */
		FECBBD7A2167360D00AA52A4 /* Project object */ = {
			isa = PBXProject;
			attributes = {
				LastSwiftUpdateCheck = 1000;
				LastUpgradeCheck = 1000;
				ORGANIZATIONNAME = toaignika;
				TargetAttributes = {
					FECBBD812167360D00AA52A4 = {
						CreatedOnToolsVersion = 10.0;
					};
					FECBBD952167361500AA52A4 = {
						CreatedOnToolsVersion = 10.0;
						TestTargetID = FECBBD812167360D00AA52A4;
					};
					FECBBDA02167361500AA52A4 = {
						CreatedOnToolsVersion = 10.0;
						TestTargetID = FECBBD812167360D00AA52A4;
					};
				};
			};
			buildConfigurationList = FECBBD7D2167360D00AA52A4 /* Build configuration list for PBXProject "calculator 2.0" */;
			compatibilityVersion = "Xcode 9.3";
			developmentRegion = en;
			hasScannedForEncodings = 0;
			knownRegions = (
				en,
				Base,
			);
			mainGroup = FECBBD792167360D00AA52A4;
			productRefGroup = FECBBD832167360D00AA52A4 /* Products */;
			projectDirPath = "";
			projectRoot = "";
			targets = (
				FECBBD812167360D00AA52A4 /* calculator 2.0 */,
				FECBBD952167361500AA52A4 /* calculator 2.0Tests */,
				FECBBDA02167361500AA52A4 /* calculator 2.0UITests */,
			);
		};
/* End PBXProject section */

/* Begin PBXResourcesBuildPhase section */
		FECBBD802167360D00AA52A4 /* Resources */ = {
			isa = PBXResourcesBuildPhase;
			buildActionMask = 2147483647;
			files = (
				FECBBD902167361500AA52A4 /* LaunchScreen.storyboard in Resources */,
				FECBBD8D2167361500AA52A4 /* Assets.xcassets in Resources */,
				FECBBD8B2167360D00AA52A4 /* Main.storyboard in Resources */,
			);
			runOnlyForDeploymentPostprocessing = 0;
		};
		FECBBD942167361500AA52A4 /* Resources */ = {
			isa = PBXResourcesBuildPhase;
			buildActionMask = 2147483647;
			files = (
			);
			runOnlyForDeploymentPostprocessing = 0;
		};
		FECBBD9F2167361500AA52A4 /* Resources */ = {
			isa = PBXResourcesBuildPhase;
			buildActionMask = 2147483647;
			files = (
			);
			runOnlyForDeploymentPostprocessing = 0;
		};
/* End PBXResourcesBuildPhase section */

/* Begin PBXSourcesBuildPhase section */
		FECBBD7E2167360D00AA52A4 /* Sources */ = {
			isa = PBXSourcesBuildPhase;
			buildActionMask = 2147483647;
			files = (
				FECBBD882167360D00AA52A4 /* ViewController.swift in Sources */,
				FECBBD862167360D00AA52A4 /* AppDelegate.swift in Sources */,
			);
			runOnlyForDeploymentPostprocessing = 0;
		};
		FECBBD922167361500AA52A4 /* Sources */ = {
			isa = PBXSourcesBuildPhase;
			buildActionMask = 2147483647;
			files = (
				FECBBD9B2167361500AA52A4 /* calculator_2_0Tests.swift in Sources */,
			);
			runOnlyForDeploymentPostprocessing = 0;
		};
		FECBBD9D2167361500AA52A4 /* Sources */ = {
			isa = PBXSourcesBuildPhase;
			buildActionMask = 2147483647;
			files = (
				FECBBDA62167361500AA52A4 /* calculator_2_0UITests.swift in Sources */,
			);
			runOnlyForDeploymentPostprocessing = 0;
		};
/* End PBXSourcesBuildPhase section */

/* Begin PBXTargetDependency section */
		FECBBD982167361500AA52A4 /* PBXTargetDependency */ = {
			isa = PBXTargetDependency;
			target = FECBBD812167360D00AA52A4 /* calculator 2.0 */;
			targetProxy = FECBBD972167361500AA52A4 /* PBXContainerItemProxy */;
		};
		FECBBDA32167361500AA52A4 /* PBXTargetDependency */ = {
			isa = PBXTargetDependency;
			target = FECBBD812167360D00AA52A4 /* calculator 2.0 */;
			targetProxy = FECBBDA22167361500AA52A4 /* PBXContainerItemProxy */;
		};
/* End PBXTargetDependency section */

/* Begin PBXVariantGroup section */
		FECBBD892167360D00AA52A4 /* Main.storyboard */ = {
			isa = PBXVariantGroup;
			children = (
				FECBBD8A2167360D00AA52A4 /* Base */,
			);
			name = Main.storyboard;
			sourceTree = "<group>";
		};
		FECBBD8E2167361500AA52A4 /* LaunchScreen.storyboard */ = {
			isa = PBXVariantGroup;
			children = (
				FECBBD8F2167361500AA52A4 /* Base */,
			);
			name = LaunchScreen.storyboard;
			sourceTree = "<group>";
		};
/* End PBXVariantGroup section */

/* Begin XCBuildConfiguration section */
		FECBBDA82167361500AA52A4 /* Debug */ = {
			isa = XCBuildConfiguration;
			buildSettings = {
				ALWAYS_SEARCH_USER_PATHS = NO;
				CLANG_ANALYZER_NONNULL = YES;
				CLANG_ANALYZER_NUMBER_OBJECT_CONVERSION = YES_AGGRESSIVE;
				CLANG_CXX_LANGUAGE_STANDARD = "gnu++14";
				CLANG_CXX_LIBRARY = "libc++";
				CLANG_ENABLE_MODULES = YES;
				CLANG_ENABLE_OBJC_ARC = YES;
				CLANG_ENABLE_OBJC_WEAK = YES;
				CLANG_WARN_BLOCK_CAPTURE_AUTORELEASING = YES;
				CLANG_WARN_BOOL_CONVERSION = YES;
				CLANG_WARN_COMMA = YES;
				CLANG_WARN_CONSTANT_CONVERSION = YES;
				CLANG_WARN_DEPRECATED_OBJC_IMPLEMENTATIONS = YES;
				CLANG_WARN_DIRECT_OBJC_ISA_USAGE = YES_ERROR;
				CLANG_WARN_DOCUMENTATION_COMMENTS = YES;
				CLANG_WARN_EMPTY_BODY = YES;
				CLANG_WARN_ENUM_CONVERSION = YES;
				CLANG_WARN_INFINITE_RECURSION = YES;
				CLANG_WARN_INT_CONVERSION = YES;
				CLANG_WARN_NON_LITERAL_NULL_CONVERSION = YES;
				CLANG_WARN_OBJC_IMPLICIT_RETAIN_SELF = YES;
				CLANG_WARN_OBJC_LITERAL_CONVERSION = YES;
				CLANG_WARN_OBJC_ROOT_CLASS = YES_ERROR;
				CLANG_WARN_RANGE_LOOP_ANALYSIS = YES;
				CLANG_WARN_STRICT_PROTOTYPES = YES;
				CLANG_WARN_SUSPICIOUS_MOVE = YES;
				CLANG_WARN_UNGUARDED_AVAILABILITY = YES_AGGRESSIVE;
				CLANG_WARN_UNREACHABLE_CODE = YES;
				CLANG_WARN__DUPLICATE_METHOD_MATCH = YES;
				CODE_SIGN_IDENTITY = "iPhone Developer";
				COPY_PHASE_STRIP = NO;
				DEBUG_INFORMATION_FORMAT = dwarf;
				ENABLE_STRICT_OBJC_MSGSEND = YES;
				ENABLE_TESTABILITY = YES;
				GCC_C_LANGUAGE_STANDARD = gnu11;
				GCC_DYNAMIC_NO_PIC = NO;
				GCC_NO_COMMON_BLOCKS = YES;
				GCC_OPTIMIZATION_LEVEL = 0;
				GCC_PREPROCESSOR_DEFINITIONS = (
					"DEBUG=1",
					"$(inherited)",
				);
				GCC_WARN_64_TO_32_BIT_CONVERSION = YES;
				GCC_WARN_ABOUT_RETURN_TYPE = YES_ERROR;
				GCC_WARN_UNDECLARED_SELECTOR = YES;
				GCC_WARN_UNINITIALIZED_AUTOS = YES_AGGRESSIVE;
				GCC_WARN_UNUSED_FUNCTION = YES;
				GCC_WARN_UNUSED_VARIABLE = YES;
				IPHONEOS_DEPLOYMENT_TARGET = 12.0;
				MTL_ENABLE_DEBUG_INFO = INCLUDE_SOURCE;
				MTL_FAST_MATH = YES;
				ONLY_ACTIVE_ARCH = YES;
				SDKROOT = iphoneos;
				SWIFT_ACTIVE_COMPILATION_CONDITIONS = DEBUG;
				SWIFT_OPTIMIZATION_LEVEL = "-Onone";
			};
			name = Debug;
		};
		FECBBDA92167361500AA52A4 /* Release */ = {
			isa = XCBuildConfiguration;
			buildSettings = {
				ALWAYS_SEARCH_USER_PATHS = NO;
				CLANG_ANALYZER_NONNULL = YES;
				CLANG_ANALYZER_NUMBER_OBJECT_CONVERSION = YES_AGGRESSIVE;
				CLANG_CXX_LANGUAGE_STANDARD = "gnu++14";
				CLANG_CXX_LIBRARY = "libc++";
				CLANG_ENABLE_MODULES = YES;
				CLANG_ENABLE_OBJC_ARC = YES;
				CLANG_ENABLE_OBJC_WEAK = YES;
				CLANG_WARN_BLOCK_CAPTURE_AUTORELEASING = YES;
				CLANG_WARN_BOOL_CONVERSION = YES;
				CLANG_WARN_COMMA = YES;
				CLANG_WARN_CONSTANT_CONVERSION = YES;
				CLANG_WARN_DEPRECATED_OBJC_IMPLEMENTATIONS = YES;
				CLANG_WARN_DIRECT_OBJC_ISA_USAGE = YES_ERROR;
				CLANG_WARN_DOCUMENTATION_COMMENTS = YES;
				CLANG_WARN_EMPTY_BODY = YES;
				CLANG_WARN_ENUM_CONVERSION = YES;
				CLANG_WARN_INFINITE_RECURSION = YES;
				CLANG_WARN_INT_CONVERSION = YES;
				CLANG_WARN_NON_LITERAL_NULL_CONVERSION = YES;
				CLANG_WARN_OBJC_IMPLICIT_RETAIN_SELF = YES;
				CLANG_WARN_OBJC_LITERAL_CONVERSION = YES;
				CLANG_WARN_OBJC_ROOT_CLASS = YES_ERROR;
				CLANG_WARN_RANGE_LOOP_ANALYSIS = YES;
				CLANG_WARN_STRICT_PROTOTYPES = YES;
				CLANG_WARN_SUSPICIOUS_MOVE = YES;
				CLANG_WARN_UNGUARDED_AVAILABILITY = YES_AGGRESSIVE;
				CLANG_WARN_UNREACHABLE_CODE = YES;
				CLANG_WARN__DUPLICATE_METHOD_MATCH = YES;
				CODE_SIGN_IDENTITY = "iPhone Developer";
				COPY_PHASE_STRIP = NO;
				DEBUG_INFORMATION_FORMAT = "dwarf-with-dsym";
				ENABLE_NS_ASSERTIONS = NO;
				ENABLE_STRICT_OBJC_MSGSEND = YES;
				GCC_C_LANGUAGE_STANDARD = gnu11;
				GCC_NO_COMMON_BLOCKS = YES;
				GCC_WARN_64_TO_32_BIT_CONVERSION = YES;
				GCC_WARN_ABOUT_RETURN_TYPE = YES_ERROR;
				GCC_WARN_UNDECLARED_SELECTOR = YES;
				GCC_WARN_UNINITIALIZED_AUTOS = YES_AGGRESSIVE;
				GCC_WARN_UNUSED_FUNCTION = YES;
				GCC_WARN_UNUSED_VARIABLE = YES;
				IPHONEOS_DEPLOYMENT_TARGET = 12.0;
				MTL_ENABLE_DEBUG_INFO = NO;
				MTL_FAST_MATH = YES;
				SDKROOT = iphoneos;
				SWIFT_COMPILATION_MODE = wholemodule;
				SWIFT_OPTIMIZATION_LEVEL = "-O";
				VALIDATE_PRODUCT = YES;
			};
			name = Release;
		};
		FECBBDAB2167361500AA52A4 /* Debug */ = {
			isa = XCBuildConfiguration;
			buildSettings = {
				ASSETCATALOG_COMPILER_APPICON_NAME = AppIcon;
				CODE_SIGN_STYLE = Automatic;
				INFOPLIST_FILE = "calculator 2.0/Info.plist";
				LD_RUNPATH_SEARCH_PATHS = (
					"$(inherited)",
					"@executable_path/Frameworks",
				);
				PRODUCT_BUNDLE_IDENTIFIER = "-66.calculator-2-0";
				PRODUCT_NAME = "$(TARGET_NAME)";
				SWIFT_VERSION = 4.2;
				TARGETED_DEVICE_FAMILY = "1,2";
			};
			name = Debug;
		};
		FECBBDAC2167361500AA52A4 /* Release */ = {
			isa = XCBuildConfiguration;
			buildSettings = {
				ASSETCATALOG_COMPILER_APPICON_NAME = AppIcon;
				CODE_SIGN_STYLE = Automatic;
				INFOPLIST_FILE = "calculator 2.0/Info.plist";
				LD_RUNPATH_SEARCH_PATHS = (
					"$(inherited)",
					"@executable_path/Frameworks",
				);
				PRODUCT_BUNDLE_IDENTIFIER = "-66.calculator-2-0";
				PRODUCT_NAME = "$(TARGET_NAME)";
				SWIFT_VERSION = 4.2;
				TARGETED_DEVICE_FAMILY = "1,2";
			};
			name = Release;
		};
		FECBBDAE2167361500AA52A4 /* Debug */ = {
			isa = XCBuildConfiguration;
			buildSettings = {
				ALWAYS_EMBED_SWIFT_STANDARD_LIBRARIES = YES;
				BUNDLE_LOADER = "$(TEST_HOST)";
				CODE_SIGN_STYLE = Automatic;
				INFOPLIST_FILE = "calculator 2.0Tests/Info.plist";
				LD_RUNPATH_SEARCH_PATHS = (
					"$(inherited)",
					"@executable_path/Frameworks",
					"@loader_path/Frameworks",
				);
				PRODUCT_BUNDLE_IDENTIFIER = "-66.calculator-2-0Tests";
				PRODUCT_NAME = "$(TARGET_NAME)";
				SWIFT_VERSION = 4.2;
				TARGETED_DEVICE_FAMILY = "1,2";
				TEST_HOST = "$(BUILT_PRODUCTS_DIR)/calculator 2.0.app/calculator 2.0";
			};
			name = Debug;
		};
		FECBBDAF2167361500AA52A4 /* Release */ = {
			isa = XCBuildConfiguration;
			buildSettings = {
				ALWAYS_EMBED_SWIFT_STANDARD_LIBRARIES = YES;
				BUNDLE_LOADER = "$(TEST_HOST)";
				CODE_SIGN_STYLE = Automatic;
				INFOPLIST_FILE = "calculator 2.0Tests/Info.plist";
				LD_RUNPATH_SEARCH_PATHS = (
					"$(inherited)",
					"@executable_path/Frameworks",
					"@loader_path/Frameworks",
				);
				PRODUCT_BUNDLE_IDENTIFIER = "-66.calculator-2-0Tests";
				PRODUCT_NAME = "$(TARGET_NAME)";
				SWIFT_VERSION = 4.2;
				TARGETED_DEVICE_FAMILY = "1,2";
				TEST_HOST = "$(BUILT_PRODUCTS_DIR)/calculator 2.0.app/calculator 2.0";
			};
			name = Release;
		};
		FECBBDB12167361500AA52A4 /* Debug */ = {
			isa = XCBuildConfiguration;
			buildSettings = {
				ALWAYS_EMBED_SWIFT_STANDARD_LIBRARIES = YES;
				CODE_SIGN_STYLE = Automatic;
				INFOPLIST_FILE = "calculator 2.0UITests/Info.plist";
				LD_RUNPATH_SEARCH_PATHS = (
					"$(inherited)",
					"@executable_path/Frameworks",
					"@loader_path/Frameworks",
				);
				PRODUCT_BUNDLE_IDENTIFIER = "-66.calculator-2-0UITests";
				PRODUCT_NAME = "$(TARGET_NAME)";
				SWIFT_VERSION = 4.2;
				TARGETED_DEVICE_FAMILY = "1,2";
				TEST_TARGET_NAME = "calculator 2.0";
			};
			name = Debug;
		};
		FECBBDB22167361500AA52A4 /* Release */ = {
			isa = XCBuildConfiguration;
			buildSettings = {
				ALWAYS_EMBED_SWIFT_STANDARD_LIBRARIES = YES;
				CODE_SIGN_STYLE = Automatic;
				INFOPLIST_FILE = "calculator 2.0UITests/Info.plist";
				LD_RUNPATH_SEARCH_PATHS = (
					"$(inherited)",
					"@executable_path/Frameworks",
					"@loader_path/Frameworks",
				);
				PRODUCT_BUNDLE_IDENTIFIER = "-66.calculator-2-0UITests";
				PRODUCT_NAME = "$(TARGET_NAME)";
				SWIFT_VERSION = 4.2;
				TARGETED_DEVICE_FAMILY = "1,2";
				TEST_TARGET_NAME = "calculator 2.0";
			};
			name = Release;
		};
/* End XCBuildConfiguration section */

/* Begin XCConfigurationList section */
		FECBBD7D2167360D00AA52A4 /* Build configuration list for PBXProject "calculator 2.0" */ = {
			isa = XCConfigurationList;
			buildConfigurations = (
				FECBBDA82167361500AA52A4 /* Debug */,
				FECBBDA92167361500AA52A4 /* Release */,
			);
			defaultConfigurationIsVisible = 0;
			defaultConfigurationName = Release;
		};
		FECBBDAA2167361500AA52A4 /* Build configuration list for PBXNativeTarget "calculator 2.0" */ = {
			isa = XCConfigurationList;
			buildConfigurations = (
				FECBBDAB2167361500AA52A4 /* Debug */,
				FECBBDAC2167361500AA52A4 /* Release */,
			);
			defaultConfigurationIsVisible = 0;
			defaultConfigurationName = Release;
		};
		FECBBDAD2167361500AA52A4 /* Build configuration list for PBXNativeTarget "calculator 2.0Tests" */ = {
			isa = XCConfigurationList;
			buildConfigurations = (
				FECBBDAE2167361500AA52A4 /* Debug */,
				FECBBDAF2167361500AA52A4 /* Release */,
			);
			defaultConfigurationIsVisible = 0;
			defaultConfigurationName = Release;
		};
		FECBBDB02167361500AA52A4 /* Build configuration list for PBXNativeTarget "calculator 2.0UITests" */ = {
			isa = XCConfigurationList;
			buildConfigurations = (
				FECBBDB12167361500AA52A4 /* Debug */,
				FECBBDB22167361500AA52A4 /* Release */,
			);
			defaultConfigurationIsVisible = 0;
			defaultConfigurationName = Release;
		};
/* End XCConfigurationList section */
	};
	rootObject = FECBBD7A2167360D00AA52A4 /* Project object */;
}
